
Microsoft Visual Studio Solution File, Format Version 12.00
# Visual Studio Version 16
VisualStudioVersion = 16.0.30611.23
MinimumVisualStudioVersion = 10.0.40219.1
Project("{FAE04EC0-301F-11D3-BF4B-00C04F79EFBC}") = "Act4", "Act4.csproj", "{6DA5A37D-476A-4617-B0BA-42143453076A}"
EndProject
Global
	GlobalSection(SolutionConfigurationPlatforms) = preSolution
		Debug|Any CPU = Debug|Any CPU
		Release|Any CPU = Release|Any CPU
	EndGlobalSection
	GlobalSection(ProjectConfigurationPlatforms) = postSolution
		{6DA5A37D-476A-4617-B0BA-42143453076A}.Debug|Any CPU.ActiveCfg = Debug|Any CPU
		{6DA5A37D-476A-4617-B0BA-42143453076A}.Debug|Any CPU.Build.0 = Debug|Any CPU
		{6DA5A37D-476A-4617-B0BA-42143453076A}.Release|Any CPU.ActiveCfg = Release|Any CPU
		{6DA5A37D-476A-4617-B0BA-42143453076A}.Release|Any CPU.Build.0 = Release|Any CPU
	EndGlobalSection
	GlobalSection(SolutionProperties) = preSolution
		HideSolutionNode = FALSE
	EndGlobalSection
	GlobalSection(ExtensibilityGlobals) = postSolution
		SolutionGuid = {171ACD52-D9B4-4723-9276-A4A708EED8B8}
	EndGlobalSection
EndGlobal
